
Microsoft Visual Studio Solution File, Format Version 12.00
# Visual Studio Version 17
VisualStudioVersion = 17.11.35312.102
MinimumVisualStudioVersion = 10.0.40219.1
Project("{9A19103F-16F7-4668-BE54-9A1E7A4F7556}") = "P2PShare.Libs", "P2PShare.Libs\P2PShare.Libs.csproj", "{4AC8BCB9-FAB8-4301-B709-0B9C4569552C}"
EndProject
Project("{FAE04EC0-301F-11D3-BF4B-00C04F79EFBC}") = "P2PShare", "P2PShare.GUI\P2PShare.csproj", "{7356CDD3-8389-4488-8DE2-437C66D2B2BE}"
EndProject
Global
	GlobalSection(SolutionConfigurationPlatforms) = preSolution
		Debug|Any CPU = Debug|Any CPU
		Release|Any CPU = Release|Any CPU
	EndGlobalSection
	GlobalSection(ProjectConfigurationPlatforms) = postSolution
		{4AC8BCB9-FAB8-4301-B709-0B9C4569552C}.Debug|Any CPU.ActiveCfg = Debug|Any CPU
		{4AC8BCB9-FAB8-4301-B709-0B9C4569552C}.Debug|Any CPU.Build.0 = Debug|Any CPU
		{4AC8BCB9-FAB8-4301-B709-0B9C4569552C}.Release|Any CPU.ActiveCfg = Release|Any CPU
		{4AC8BCB9-FAB8-4301-B709-0B9C4569552C}.Release|Any CPU.Build.0 = Release|Any CPU
		{7356CDD3-8389-4488-8DE2-437C66D2B2BE}.Debug|Any CPU.ActiveCfg = Debug|Any CPU
		{7356CDD3-8389-4488-8DE2-437C66D2B2BE}.Debug|Any CPU.Build.0 = Debug|Any CPU
		{7356CDD3-8389-4488-8DE2-437C66D2B2BE}.Release|Any CPU.ActiveCfg = Release|Any CPU
		{7356CDD3-8389-4488-8DE2-437C66D2B2BE}.Release|Any CPU.Build.0 = Release|Any CPU
	EndGlobalSection
	GlobalSection(SolutionProperties) = preSolution
		HideSolutionNode = FALSE
	EndGlobalSection
	GlobalSection(ExtensibilityGlobals) = postSolution
		SolutionGuid = {BE137BB7-B3B5-4531-9DC8-CA8D5A638C3E}
	EndGlobalSection
EndGlobal
